
Microsoft Visual Studio Solution File, Format Version 12.00
# Visual Studio Version 17
VisualStudioVersion = 17.4.33213.308
MinimumVisualStudioVersion = 10.0.40219.1
Project("{6EC3EE1D-3C4E-46DD-8F32-0CC8E7565705}") = "Ch01-HelloWorld", "Ch01-HelloWorld\Ch01-HelloWorld.fsproj", "{51DAED69-2667-47DE-8986-1688CC80A94E}"
EndProject
Project("{6EC3EE1D-3C4E-46DD-8F32-0CC8E7565705}") = "Ch02-DataTypesAndSignatures", "Ch02-DataTypesAndSignatures\Ch02-DataTypesAndSignatures.fsproj", "{EE719F77-5A08-4882-87E2-3C495F74E3D3}"
EndProject
Project("{6EC3EE1D-3C4E-46DD-8F32-0CC8E7565705}") = "Ch03-Tuples", "Ch03-Tuples\Ch03-Tuples.fsproj", "{C6279C2C-C3E2-49FA-A83F-EEDC8A9156C4}"
EndProject
Project("{6EC3EE1D-3C4E-46DD-8F32-0CC8E7565705}") = "Ch05-CurryingAndPartialApplication", "Ch05-CurryingAndPartialApplication\Ch05-CurryingAndPartialApplication.fsproj", "{99EB2B29-4394-475F-B150-B2FF6836EDFA}"
EndProject
Project("{6EC3EE1D-3C4E-46DD-8F32-0CC8E7565705}") = "Ch06-ChainingAndPipelining", "Ch06-ChainingAndPipelining\Ch06-ChainingAndPipelining.fsproj", "{4E5A8A43-4DA1-4BE4-A30A-318E61C957CB}"
EndProject
Project("{6EC3EE1D-3C4E-46DD-8F32-0CC8E7565705}") = "Ch07-LambdaExpressions", "Ch07-LambdaExpressions\Ch07-LambdaExpressions.fsproj", "{381CBDCA-2442-473D-A314-7B17D45FD526}"
EndProject
Project("{6EC3EE1D-3C4E-46DD-8F32-0CC8E7565705}") = "Ch08-RecordsAndDiscriminatedUnions", "Ch08-RecordsAndDiscriminatedUnions\Ch08-RecordsAndDiscriminatedUnions.fsproj", "{854FE623-41C8-4C7A-953C-61D1D1F73B90}"
EndProject
Project("{6EC3EE1D-3C4E-46DD-8F32-0CC8E7565705}") = "Ch10-PatternMatchingExamples1", "Ch10-PatternMatchingExamples1\Ch10-PatternMatchingExamples1.fsproj", "{70401489-C060-4917-8E8A-34F97D3F6842}"
EndProject
Project("{6EC3EE1D-3C4E-46DD-8F32-0CC8E7565705}") = "Ch13-ContainerOptionResult", "Ch13-ContainerOptionResult\Ch13-ContainerOptionResult.fsproj", "{B99BF6E7-8519-494B-AA2A-7D4A0385C070}"
EndProject
Project("{6EC3EE1D-3C4E-46DD-8F32-0CC8E7565705}") = "Ch16-FunctionStitchingPureAndImpure", "Ch16-FunctionStitchingPureAndImpure\Ch16-FunctionStitchingPureAndImpure.fsproj", "{25C34012-CEDE-43DB-B324-3C83886EB1D8}"
EndProject
Project("{6EC3EE1D-3C4E-46DD-8F32-0CC8E7565705}") = "Ch17-OptionPipeline", "Ch17-OptionPipeline\Ch17-OptionPipeline.fsproj", "{482861E5-F153-44B0-BD24-01E835A25DA4}"
EndProject
Project("{6EC3EE1D-3C4E-46DD-8F32-0CC8E7565705}") = "Ch18-ResultPipeline", "Ch18-ResultPipeline\Ch18-ResultPipeline.fsproj", "{85DA2E68-0227-49D7-B78A-7A7B07FE82ED}"
EndProject
Project("{6EC3EE1D-3C4E-46DD-8F32-0CC8E7565705}") = "Ch23-ExtendingTypes", "Ch23-ExtendingTypes\Ch23-ExtendingTypes.fsproj", "{AA0477A8-D636-467C-9742-0822F47EB11F}"
EndProject
Project("{F2A71F9B-5D33-465A-A702-920D77279786}") = "Ch24-ActivePatterns", "Ch24-ActivePatterns\Ch24-ActivePatterns.fsproj", "{7C8E87C0-F700-4574-A2B3-2DFBC21F0B5F}"
EndProject
Global
	GlobalSection(SolutionConfigurationPlatforms) = preSolution
		Debug|Any CPU = Debug|Any CPU
		Release|Any CPU = Release|Any CPU
	EndGlobalSection
	GlobalSection(ProjectConfigurationPlatforms) = postSolution
		{51DAED69-2667-47DE-8986-1688CC80A94E}.Debug|Any CPU.ActiveCfg = Debug|Any CPU
		{51DAED69-2667-47DE-8986-1688CC80A94E}.Debug|Any CPU.Build.0 = Debug|Any CPU
		{51DAED69-2667-47DE-8986-1688CC80A94E}.Release|Any CPU.ActiveCfg = Release|Any CPU
		{51DAED69-2667-47DE-8986-1688CC80A94E}.Release|Any CPU.Build.0 = Release|Any CPU
		{EE719F77-5A08-4882-87E2-3C495F74E3D3}.Debug|Any CPU.ActiveCfg = Debug|Any CPU
		{EE719F77-5A08-4882-87E2-3C495F74E3D3}.Debug|Any CPU.Build.0 = Debug|Any CPU
		{EE719F77-5A08-4882-87E2-3C495F74E3D3}.Release|Any CPU.ActiveCfg = Release|Any CPU
		{EE719F77-5A08-4882-87E2-3C495F74E3D3}.Release|Any CPU.Build.0 = Release|Any CPU
		{C6279C2C-C3E2-49FA-A83F-EEDC8A9156C4}.Debug|Any CPU.ActiveCfg = Debug|Any CPU
		{C6279C2C-C3E2-49FA-A83F-EEDC8A9156C4}.Debug|Any CPU.Build.0 = Debug|Any CPU
		{C6279C2C-C3E2-49FA-A83F-EEDC8A9156C4}.Release|Any CPU.ActiveCfg = Release|Any CPU
		{C6279C2C-C3E2-49FA-A83F-EEDC8A9156C4}.Release|Any CPU.Build.0 = Release|Any CPU
		{99EB2B29-4394-475F-B150-B2FF6836EDFA}.Debug|Any CPU.ActiveCfg = Debug|Any CPU
		{99EB2B29-4394-475F-B150-B2FF6836EDFA}.Debug|Any CPU.Build.0 = Debug|Any CPU
		{99EB2B29-4394-475F-B150-B2FF6836EDFA}.Release|Any CPU.ActiveCfg = Release|Any CPU
		{99EB2B29-4394-475F-B150-B2FF6836EDFA}.Release|Any CPU.Build.0 = Release|Any CPU
		{4E5A8A43-4DA1-4BE4-A30A-318E61C957CB}.Debug|Any CPU.ActiveCfg = Debug|Any CPU
		{4E5A8A43-4DA1-4BE4-A30A-318E61C957CB}.Debug|Any CPU.Build.0 = Debug|Any CPU
		{4E5A8A43-4DA1-4BE4-A30A-318E61C957CB}.Release|Any CPU.ActiveCfg = Release|Any CPU
		{4E5A8A43-4DA1-4BE4-A30A-318E61C957CB}.Release|Any CPU.Build.0 = Release|Any CPU
		{381CBDCA-2442-473D-A314-7B17D45FD526}.Debug|Any CPU.ActiveCfg = Debug|Any CPU
		{381CBDCA-2442-473D-A314-7B17D45FD526}.Debug|Any CPU.Build.0 = Debug|Any CPU
		{381CBDCA-2442-473D-A314-7B17D45FD526}.Release|Any CPU.ActiveCfg = Release|Any CPU
		{381CBDCA-2442-473D-A314-7B17D45FD526}.Release|Any CPU.Build.0 = Release|Any CPU
		{854FE623-41C8-4C7A-953C-61D1D1F73B90}.Debug|Any CPU.ActiveCfg = Debug|Any CPU
		{854FE623-41C8-4C7A-953C-61D1D1F73B90}.Debug|Any CPU.Build.0 = Debug|Any CPU
		{854FE623-41C8-4C7A-953C-61D1D1F73B90}.Release|Any CPU.ActiveCfg = Release|Any CPU
		{854FE623-41C8-4C7A-953C-61D1D1F73B90}.Release|Any CPU.Build.0 = Release|Any CPU
		{70401489-C060-4917-8E8A-34F97D3F6842}.Debug|Any CPU.ActiveCfg = Debug|Any CPU
		{70401489-C060-4917-8E8A-34F97D3F6842}.Debug|Any CPU.Build.0 = Debug|Any CPU
		{70401489-C060-4917-8E8A-34F97D3F6842}.Release|Any CPU.ActiveCfg = Release|Any CPU
		{70401489-C060-4917-8E8A-34F97D3F6842}.Release|Any CPU.Build.0 = Release|Any CPU
		{B99BF6E7-8519-494B-AA2A-7D4A0385C070}.Debug|Any CPU.ActiveCfg = Debug|Any CPU
		{B99BF6E7-8519-494B-AA2A-7D4A0385C070}.Debug|Any CPU.Build.0 = Debug|Any CPU
		{B99BF6E7-8519-494B-AA2A-7D4A0385C070}.Release|Any CPU.ActiveCfg = Release|Any CPU
		{B99BF6E7-8519-494B-AA2A-7D4A0385C070}.Release|Any CPU.Build.0 = Release|Any CPU
		{25C34012-CEDE-43DB-B324-3C83886EB1D8}.Debug|Any CPU.ActiveCfg = Debug|Any CPU
		{25C34012-CEDE-43DB-B324-3C83886EB1D8}.Debug|Any CPU.Build.0 = Debug|Any CPU
		{25C34012-CEDE-43DB-B324-3C83886EB1D8}.Release|Any CPU.ActiveCfg = Release|Any CPU
		{25C34012-CEDE-43DB-B324-3C83886EB1D8}.Release|Any CPU.Build.0 = Release|Any CPU
		{482861E5-F153-44B0-BD24-01E835A25DA4}.Debug|Any CPU.ActiveCfg = Debug|Any CPU
		{482861E5-F153-44B0-BD24-01E835A25DA4}.Debug|Any CPU.Build.0 = Debug|Any CPU
		{482861E5-F153-44B0-BD24-01E835A25DA4}.Release|Any CPU.ActiveCfg = Release|Any CPU
		{482861E5-F153-44B0-BD24-01E835A25DA4}.Release|Any CPU.Build.0 = Release|Any CPU
		{85DA2E68-0227-49D7-B78A-7A7B07FE82ED}.Debug|Any CPU.ActiveCfg = Debug|Any CPU
		{85DA2E68-0227-49D7-B78A-7A7B07FE82ED}.Debug|Any CPU.Build.0 = Debug|Any CPU
		{85DA2E68-0227-49D7-B78A-7A7B07FE82ED}.Release|Any CPU.ActiveCfg = Release|Any CPU
		{85DA2E68-0227-49D7-B78A-7A7B07FE82ED}.Release|Any CPU.Build.0 = Release|Any CPU
		{AA0477A8-D636-467C-9742-0822F47EB11F}.Debug|Any CPU.ActiveCfg = Debug|Any CPU
		{AA0477A8-D636-467C-9742-0822F47EB11F}.Debug|Any CPU.Build.0 = Debug|Any CPU
		{AA0477A8-D636-467C-9742-0822F47EB11F}.Release|Any CPU.ActiveCfg = Release|Any CPU
		{AA0477A8-D636-467C-9742-0822F47EB11F}.Release|Any CPU.Build.0 = Release|Any CPU
		{7C8E87C0-F700-4574-A2B3-2DFBC21F0B5F}.Debug|Any CPU.ActiveCfg = Debug|Any CPU
		{7C8E87C0-F700-4574-A2B3-2DFBC21F0B5F}.Debug|Any CPU.Build.0 = Debug|Any CPU
		{7C8E87C0-F700-4574-A2B3-2DFBC21F0B5F}.Release|Any CPU.ActiveCfg = Release|Any CPU
		{7C8E87C0-F700-4574-A2B3-2DFBC21F0B5F}.Release|Any CPU.Build.0 = Release|Any CPU
	EndGlobalSection
	GlobalSection(SolutionProperties) = preSolution
		HideSolutionNode = FALSE
	EndGlobalSection
	GlobalSection(ExtensibilityGlobals) = postSolution
		SolutionGuid = {7EDFC7E5-0FD1-41C0-96B1-F4BC22EE20CF}
	EndGlobalSection
EndGlobal
