
Microsoft Visual Studio Solution File, Format Version 12.00
# Visual Studio Version 17
VisualStudioVersion = 17.4.33213.308
MinimumVisualStudioVersion = 10.0.40219.1
Project("{6EC3EE1D-3C4E-46DD-8F32-0CC8E7565705}") = "Ch01-HelloWorld", "Ch01-HelloWorld\Ch01-HelloWorld.fsproj", "{51DAED69-2667-47DE-8986-1688CC80A94E}"
EndProject
Project("{6EC3EE1D-3C4E-46DD-8F32-0CC8E7565705}") = "Ch02-DataTypesAndSignatures", "Ch02-DataTypesAndSignatures\Ch02-DataTypesAndSignatures.fsproj", "{EE719F77-5A08-4882-87E2-3C495F74E3D3}"
EndProject
Project("{6EC3EE1D-3C4E-46DD-8F32-0CC8E7565705}") = "Ch03-Tuples", "Ch03-Tuples\Ch03-Tuples.fsproj", "{C6279C2C-C3E2-49FA-A83F-EEDC8A9156C4}"
EndProject
Project("{F2A71F9B-5D33-465A-A702-920D77279786}") = "Ch05-CurryingAndPartialApplication", "Ch05-CurryingAndPartialApplication\Ch05-CurryingAndPartialApplication.fsproj", "{99EB2B29-4394-475F-B150-B2FF6836EDFA}"
EndProject
Global
	GlobalSection(SolutionConfigurationPlatforms) = preSolution
		Debug|Any CPU = Debug|Any CPU
		Release|Any CPU = Release|Any CPU
	EndGlobalSection
	GlobalSection(ProjectConfigurationPlatforms) = postSolution
		{51DAED69-2667-47DE-8986-1688CC80A94E}.Debug|Any CPU.ActiveCfg = Debug|Any CPU
		{51DAED69-2667-47DE-8986-1688CC80A94E}.Debug|Any CPU.Build.0 = Debug|Any CPU
		{51DAED69-2667-47DE-8986-1688CC80A94E}.Release|Any CPU.ActiveCfg = Release|Any CPU
		{51DAED69-2667-47DE-8986-1688CC80A94E}.Release|Any CPU.Build.0 = Release|Any CPU
		{EE719F77-5A08-4882-87E2-3C495F74E3D3}.Debug|Any CPU.ActiveCfg = Debug|Any CPU
		{EE719F77-5A08-4882-87E2-3C495F74E3D3}.Debug|Any CPU.Build.0 = Debug|Any CPU
		{EE719F77-5A08-4882-87E2-3C495F74E3D3}.Release|Any CPU.ActiveCfg = Release|Any CPU
		{EE719F77-5A08-4882-87E2-3C495F74E3D3}.Release|Any CPU.Build.0 = Release|Any CPU
		{C6279C2C-C3E2-49FA-A83F-EEDC8A9156C4}.Debug|Any CPU.ActiveCfg = Debug|Any CPU
		{C6279C2C-C3E2-49FA-A83F-EEDC8A9156C4}.Debug|Any CPU.Build.0 = Debug|Any CPU
		{C6279C2C-C3E2-49FA-A83F-EEDC8A9156C4}.Release|Any CPU.ActiveCfg = Release|Any CPU
		{C6279C2C-C3E2-49FA-A83F-EEDC8A9156C4}.Release|Any CPU.Build.0 = Release|Any CPU
		{99EB2B29-4394-475F-B150-B2FF6836EDFA}.Debug|Any CPU.ActiveCfg = Debug|Any CPU
		{99EB2B29-4394-475F-B150-B2FF6836EDFA}.Debug|Any CPU.Build.0 = Debug|Any CPU
		{99EB2B29-4394-475F-B150-B2FF6836EDFA}.Release|Any CPU.ActiveCfg = Release|Any CPU
		{99EB2B29-4394-475F-B150-B2FF6836EDFA}.Release|Any CPU.Build.0 = Release|Any CPU
	EndGlobalSection
	GlobalSection(SolutionProperties) = preSolution
		HideSolutionNode = FALSE
	EndGlobalSection
	GlobalSection(ExtensibilityGlobals) = postSolution
		SolutionGuid = {7EDFC7E5-0FD1-41C0-96B1-F4BC22EE20CF}
	EndGlobalSection
EndGlobal
